
Microsoft Visual Studio Solution File, Format Version 11.00
# Visual Studio 2010
Project("{FAE04EC0-301F-11D3-BF4B-00C04F79EFBC}") = "ohm-server", "ohm-server\ohm-server.csproj", "{21D17D1D-FCE9-4142-B0CD-FF067CD8011B}"
EndProject
Global
	GlobalSection(SolutionConfigurationPlatforms) = preSolution
		Debug|x86 = Debug|x86
		Release|x86 = Release|x86
	EndGlobalSection
	GlobalSection(ProjectConfigurationPlatforms) = postSolution
		{21D17D1D-FCE9-4142-B0CD-FF067CD8011B}.Debug|x86.ActiveCfg = Debug|Any CPU
		{21D17D1D-FCE9-4142-B0CD-FF067CD8011B}.Release|x86.ActiveCfg = Release|Any CPU
	EndGlobalSection
	GlobalSection(SolutionProperties) = preSolution
		HideSolutionNode = FALSE
	EndGlobalSection
EndGlobal
